
Microsoft Visual Studio Solution File, Format Version 12.00
# Visual Studio Version 17
VisualStudioVersion = 17.14.37012.4 d17.14
MinimumVisualStudioVersion = 10.0.40219.1
Project("{FAE04EC0-301F-11D3-BF4B-00C04F79EFBC}") = "GiaPhaHub-be", "GiaPhaHub-be.csproj", "{FF5290FA-38CE-4F88-9C8E-7C2552CC3C12}"
EndProject
Global
	GlobalSection(SolutionConfigurationPlatforms) = preSolution
		Debug|Any CPU = Debug|Any CPU
		Release|Any CPU = Release|Any CPU
	EndGlobalSection
	GlobalSection(ProjectConfigurationPlatforms) = postSolution
		{FF5290FA-38CE-4F88-9C8E-7C2552CC3C12}.Debug|Any CPU.ActiveCfg = Debug|Any CPU
		{FF5290FA-38CE-4F88-9C8E-7C2552CC3C12}.Debug|Any CPU.Build.0 = Debug|Any CPU
		{FF5290FA-38CE-4F88-9C8E-7C2552CC3C12}.Release|Any CPU.ActiveCfg = Release|Any CPU
		{FF5290FA-38CE-4F88-9C8E-7C2552CC3C12}.Release|Any CPU.Build.0 = Release|Any CPU
	EndGlobalSection
	GlobalSection(SolutionProperties) = preSolution
		HideSolutionNode = FALSE
	EndGlobalSection
	GlobalSection(ExtensibilityGlobals) = postSolution
		SolutionGuid = {11C2213F-CECF-4C56-9823-E4A435174C38}
	EndGlobalSection
EndGlobal
